# Generated by pub
# See https://dart.dev/tools/pub/glossary#lockfile
packages:
  words:
    dependency: "direct dev"
    description:
      name: words
      sha256: "694c229441627b304eaa591efd565d38b39f0060b7999eeac28763236af8bda4"
      url: "https://pub.dev"
    source: hosted
    version: "0.4.4"
sdks:
  dart: ">=3.1.0 <4.0.0"
